
Microsoft Visual Studio Solution File, Format Version 12.00
# Visual Studio Version 17
VisualStudioVersion = 17.8.34330.188
MinimumVisualStudioVersion = 10.0.40219.1
Project("{FAE04EC0-301F-11D3-BF4B-00C04F79EFBC}") = "ApiMonitoring.Domain", "APIMonitoring.Domain\ApiMonitoring.Domain.csproj", "{0699048D-153D-4155-91A8-E32A038899EC}"
EndProject
Project("{FAE04EC0-301F-11D3-BF4B-00C04F79EFBC}") = "ApiMonitoring.Application", "ApiMonitoring.Application\ApiMonitoring.Application.csproj", "{A7AC279E-C1D9-4DBC-9623-BA8C1331CB8A}"
EndProject
Project("{FAE04EC0-301F-11D3-BF4B-00C04F79EFBC}") = "ApiMonitoring.Persistance", "ApiMonitoring.Persistance\ApiMonitoring.Persistance.csproj", "{6EE3C19E-941A-4C33-83AD-BAC49EB417E5}"
EndProject
Project("{FAE04EC0-301F-11D3-BF4B-00C04F79EFBC}") = "ApiMonitoring.Infrastructure", "ApiMonitoring.Infrastructure\ApiMonitoring.Infrastructure.csproj", "{5E208A09-2DDB-41FD-9B42-A4CE8E687A8A}"
EndProject
Project("{FAE04EC0-301F-11D3-BF4B-00C04F79EFBC}") = "ApiMonitoring.EndPointApi", "ApiMonitoring.EndPointApi\ApiMonitoring.EndPointApi.csproj", "{9BD55C6B-1AFA-480F-B09F-7B46078750BC}"
EndProject
Global
	GlobalSection(SolutionConfigurationPlatforms) = preSolution
		Debug|Any CPU = Debug|Any CPU
		Release|Any CPU = Release|Any CPU
	EndGlobalSection
	GlobalSection(ProjectConfigurationPlatforms) = postSolution
		{0699048D-153D-4155-91A8-E32A038899EC}.Debug|Any CPU.ActiveCfg = Debug|Any CPU
		{0699048D-153D-4155-91A8-E32A038899EC}.Debug|Any CPU.Build.0 = Debug|Any CPU
		{0699048D-153D-4155-91A8-E32A038899EC}.Release|Any CPU.ActiveCfg = Release|Any CPU
		{0699048D-153D-4155-91A8-E32A038899EC}.Release|Any CPU.Build.0 = Release|Any CPU
		{A7AC279E-C1D9-4DBC-9623-BA8C1331CB8A}.Debug|Any CPU.ActiveCfg = Debug|Any CPU
		{A7AC279E-C1D9-4DBC-9623-BA8C1331CB8A}.Debug|Any CPU.Build.0 = Debug|Any CPU
		{A7AC279E-C1D9-4DBC-9623-BA8C1331CB8A}.Release|Any CPU.ActiveCfg = Release|Any CPU
		{A7AC279E-C1D9-4DBC-9623-BA8C1331CB8A}.Release|Any CPU.Build.0 = Release|Any CPU
		{6EE3C19E-941A-4C33-83AD-BAC49EB417E5}.Debug|Any CPU.ActiveCfg = Debug|Any CPU
		{6EE3C19E-941A-4C33-83AD-BAC49EB417E5}.Debug|Any CPU.Build.0 = Debug|Any CPU
		{6EE3C19E-941A-4C33-83AD-BAC49EB417E5}.Release|Any CPU.ActiveCfg = Release|Any CPU
		{6EE3C19E-941A-4C33-83AD-BAC49EB417E5}.Release|Any CPU.Build.0 = Release|Any CPU
		{5E208A09-2DDB-41FD-9B42-A4CE8E687A8A}.Debug|Any CPU.ActiveCfg = Debug|Any CPU
		{5E208A09-2DDB-41FD-9B42-A4CE8E687A8A}.Debug|Any CPU.Build.0 = Debug|Any CPU
		{5E208A09-2DDB-41FD-9B42-A4CE8E687A8A}.Release|Any CPU.ActiveCfg = Release|Any CPU
		{5E208A09-2DDB-41FD-9B42-A4CE8E687A8A}.Release|Any CPU.Build.0 = Release|Any CPU
		{9BD55C6B-1AFA-480F-B09F-7B46078750BC}.Debug|Any CPU.ActiveCfg = Debug|Any CPU
		{9BD55C6B-1AFA-480F-B09F-7B46078750BC}.Debug|Any CPU.Build.0 = Debug|Any CPU
		{9BD55C6B-1AFA-480F-B09F-7B46078750BC}.Release|Any CPU.ActiveCfg = Release|Any CPU
		{9BD55C6B-1AFA-480F-B09F-7B46078750BC}.Release|Any CPU.Build.0 = Release|Any CPU
	EndGlobalSection
	GlobalSection(SolutionProperties) = preSolution
		HideSolutionNode = FALSE
	EndGlobalSection
	GlobalSection(ExtensibilityGlobals) = postSolution
		SolutionGuid = {D293703A-00E9-42FE-A412-0BBED5EC11F7}
	EndGlobalSection
EndGlobal
